
Microsoft Visual Studio Solution File, Format Version 12.00
# Visual Studio Version 17
VisualStudioVersion = 17.9.34728.123
MinimumVisualStudioVersion = 10.0.40219.1
Project("{9A19103F-16F7-4668-BE54-9A1E7A4F7556}") = "FlightReservationDemo.Data", "..\FlightReservationDemo.Data\FlightReservationDemo.Data.csproj", "{5119FBDA-4209-4D79-B25C-BE4F784C4E9E}"
EndProject
Project("{9A19103F-16F7-4668-BE54-9A1E7A4F7556}") = "FlightReservationDemo.Base", "..\FlightReservationDemo.Base\FlightReservationDemo.Base.csproj", "{D1D3EFA6-7220-4779-81AF-AEA366AB06E0}"
EndProject
Project("{9A19103F-16F7-4668-BE54-9A1E7A4F7556}") = "FlightReservationDemo.Service", "..\FlightReservationDemo.Service\FlightReservationDemo.Service.csproj", "{384880A7-3CBF-4DD3-BCF9-70D47293B48A}"
EndProject
Project("{9A19103F-16F7-4668-BE54-9A1E7A4F7556}") = "FlightReservationDemo.Api", "..\FlightReservationDemo.Api\FlightReservationDemo.Api.csproj", "{DFC11179-ECC4-4D7A-8608-8CE8D2FF3324}"
EndProject
Project("{FAE04EC0-301F-11D3-BF4B-00C04F79EFBC}") = "FlightReservationDemo.Test.Unit", "FlightReservationDemo.Test.Unit\FlightReservationDemo.Test.Unit.csproj", "{6EE0FC8F-543D-49BB-8CE9-681033C4F1C0}"
EndProject
Project("{FAE04EC0-301F-11D3-BF4B-00C04F79EFBC}") = "FlightReservationDemo.Test.Integration", "FlightReservationDemo.Test.Integration\FlightReservationDemo.Test.Integration.csproj", "{0557DD37-3501-4B95-B525-2E1BCD7D2EA1}"
EndProject
Global
	GlobalSection(SolutionConfigurationPlatforms) = preSolution
		Debug|Any CPU = Debug|Any CPU
		Release|Any CPU = Release|Any CPU
	EndGlobalSection
	GlobalSection(ProjectConfigurationPlatforms) = postSolution
		{5119FBDA-4209-4D79-B25C-BE4F784C4E9E}.Debug|Any CPU.ActiveCfg = Debug|Any CPU
		{5119FBDA-4209-4D79-B25C-BE4F784C4E9E}.Debug|Any CPU.Build.0 = Debug|Any CPU
		{5119FBDA-4209-4D79-B25C-BE4F784C4E9E}.Release|Any CPU.ActiveCfg = Release|Any CPU
		{5119FBDA-4209-4D79-B25C-BE4F784C4E9E}.Release|Any CPU.Build.0 = Release|Any CPU
		{D1D3EFA6-7220-4779-81AF-AEA366AB06E0}.Debug|Any CPU.ActiveCfg = Debug|Any CPU
		{D1D3EFA6-7220-4779-81AF-AEA366AB06E0}.Debug|Any CPU.Build.0 = Debug|Any CPU
		{D1D3EFA6-7220-4779-81AF-AEA366AB06E0}.Release|Any CPU.ActiveCfg = Release|Any CPU
		{D1D3EFA6-7220-4779-81AF-AEA366AB06E0}.Release|Any CPU.Build.0 = Release|Any CPU
		{384880A7-3CBF-4DD3-BCF9-70D47293B48A}.Debug|Any CPU.ActiveCfg = Debug|Any CPU
		{384880A7-3CBF-4DD3-BCF9-70D47293B48A}.Debug|Any CPU.Build.0 = Debug|Any CPU
		{384880A7-3CBF-4DD3-BCF9-70D47293B48A}.Release|Any CPU.ActiveCfg = Release|Any CPU
		{384880A7-3CBF-4DD3-BCF9-70D47293B48A}.Release|Any CPU.Build.0 = Release|Any CPU
		{DFC11179-ECC4-4D7A-8608-8CE8D2FF3324}.Debug|Any CPU.ActiveCfg = Debug|Any CPU
		{DFC11179-ECC4-4D7A-8608-8CE8D2FF3324}.Debug|Any CPU.Build.0 = Debug|Any CPU
		{DFC11179-ECC4-4D7A-8608-8CE8D2FF3324}.Release|Any CPU.ActiveCfg = Release|Any CPU
		{DFC11179-ECC4-4D7A-8608-8CE8D2FF3324}.Release|Any CPU.Build.0 = Release|Any CPU
		{6EE0FC8F-543D-49BB-8CE9-681033C4F1C0}.Debug|Any CPU.ActiveCfg = Debug|Any CPU
		{6EE0FC8F-543D-49BB-8CE9-681033C4F1C0}.Debug|Any CPU.Build.0 = Debug|Any CPU
		{6EE0FC8F-543D-49BB-8CE9-681033C4F1C0}.Release|Any CPU.ActiveCfg = Release|Any CPU
		{6EE0FC8F-543D-49BB-8CE9-681033C4F1C0}.Release|Any CPU.Build.0 = Release|Any CPU
		{0557DD37-3501-4B95-B525-2E1BCD7D2EA1}.Debug|Any CPU.ActiveCfg = Debug|Any CPU
		{0557DD37-3501-4B95-B525-2E1BCD7D2EA1}.Debug|Any CPU.Build.0 = Debug|Any CPU
		{0557DD37-3501-4B95-B525-2E1BCD7D2EA1}.Release|Any CPU.ActiveCfg = Release|Any CPU
		{0557DD37-3501-4B95-B525-2E1BCD7D2EA1}.Release|Any CPU.Build.0 = Release|Any CPU
	EndGlobalSection
	GlobalSection(SolutionProperties) = preSolution
		HideSolutionNode = FALSE
	EndGlobalSection
	GlobalSection(ExtensibilityGlobals) = postSolution
		SolutionGuid = {2E560A24-3736-4C3B-A05F-D466273C2AED}
	EndGlobalSection
EndGlobal
